// !$*UTF8*$!
{
	archiveVersion = 1;
	classes = {
	};
	objectVersion = 56;
	objects = {

/* Begin PBXBuildFile section */
		7D2F438B2D3B195100928A68 /* Log.swift in Sources */ = {isa = PBXBuildFile; fileRef = 7D2F438A2D3B194D00928A68 /* Log.swift */; };
		7D2F438E2D3B2D8200928A68 /* StudyTask.swift in Sources */ = {isa = PBXBuildFile; fileRef = 7D2F438D2D3B2D7F00928A68 /* StudyTask.swift */; };
		7D2F43962D3B399800928A68 /* StudyAction.swift in Sources */ = {isa = PBXBuildFile; fileRef = 7D2F43952D3B399500928A68 /* StudyAction.swift */; };
		7D2F439A2D3B4FAF00928A68 /* RotationTask.swift in Sources */ = {isa = PBXBuildFile; fileRef = 7D2F43982D3B4FAF00928A68 /* RotationTask.swift */; };
		7D2F439B2D3B4FAF00928A68 /* PositionTask.swift in Sources */ = {isa = PBXBuildFile; fileRef = 7D2F43972D3B4FAF00928A68 /* PositionTask.swift */; };
		7D2F439C2D3B4FAF00928A68 /* ScaleTask.swift in Sources */ = {isa = PBXBuildFile; fileRef = 7D2F43992D3B4FAF00928A68 /* ScaleTask.swift */; };
		7D2F439F2D3B50A300928A68 /* Matcher.swift in Sources */ = {isa = PBXBuildFile; fileRef = 7D2F439E2D3B50A100928A68 /* Matcher.swift */; };
		7D60D9512CF84F2900D7C8AD /* GoogleForm.swift in Sources */ = {isa = PBXBuildFile; fileRef = 7D60D94D2CF84F2900D7C8AD /* GoogleForm.swift */; };
		7D60D9522CF84F2900D7C8AD /* TaskView.swift in Sources */ = {isa = PBXBuildFile; fileRef = 7D60D94E2CF84F2900D7C8AD /* TaskView.swift */; };
		7D60D9532CF84F2900D7C8AD /* WelcomeView.swift in Sources */ = {isa = PBXBuildFile; fileRef = 7D60D94F2CF84F2900D7C8AD /* WelcomeView.swift */; };
		7D60D9562CF84F2C00D7C8AD /* CaseIterable+Next.swift in Sources */ = {isa = PBXBuildFile; fileRef = 7D60D9542CF84F2C00D7C8AD /* CaseIterable+Next.swift */; };
		7D60D9582CF8550F00D7C8AD /* Page.swift in Sources */ = {isa = PBXBuildFile; fileRef = 7D60D9572CF8550F00D7C8AD /* Page.swift */; };
		7D60D95A2CF85E9300D7C8AD /* ThankYouView.swift in Sources */ = {isa = PBXBuildFile; fileRef = 7D60D9592CF85E9300D7C8AD /* ThankYouView.swift */; };
		7D8399B42D4095DD00F08DC3 /* ThrottledArray.swift in Sources */ = {isa = PBXBuildFile; fileRef = 7D8399B32D4095D800F08DC3 /* ThrottledArray.swift */; };
		7D839A132D41D3A800F08DC3 /* PositionOptionsAttachmentView.swift in Sources */ = {isa = PBXBuildFile; fileRef = 7D839A122D41D3A800F08DC3 /* PositionOptionsAttachmentView.swift */; };
		7DC8613E2CA43EDB00D2F90F /* Georeferencer.swift in Sources */ = {isa = PBXBuildFile; fileRef = 7DC8613D2CA43ED600D2F90F /* Georeferencer.swift */; };
		7DC861422CA448F700D2F90F /* AttributeTable.swift in Sources */ = {isa = PBXBuildFile; fileRef = 7DC861412CA448F700D2F90F /* AttributeTable.swift */; };
		7DC861442CA44E0D00D2F90F /* geo.csv in Resources */ = {isa = PBXBuildFile; fileRef = 7DC861432CA44E0D00D2F90F /* geo.csv */; };
		7DC861462CA537A900D2F90F /* ISO 3166-1 numeric-3.asc in Resources */ = {isa = PBXBuildFile; fileRef = 7DC861452CA537A900D2F90F /* ISO 3166-1 numeric-3.asc */; };
		7DD56E592C6CC830009AE72C /* SimpleGlobeApp.swift in Sources */ = {isa = PBXBuildFile; fileRef = 7DD56E582C6CC830009AE72C /* SimpleGlobeApp.swift */; };
		7DD56E5B2C6CC830009AE72C /* ContentView.swift in Sources */ = {isa = PBXBuildFile; fileRef = 7DD56E5A2C6CC830009AE72C /* ContentView.swift */; };
		7DD56E5D2C6CC830009AE72C /* ImmersiveView.swift in Sources */ = {isa = PBXBuildFile; fileRef = 7DD56E5C2C6CC830009AE72C /* ImmersiveView.swift */; };
		7DD56E5F2C6CC831009AE72C /* Assets.xcassets in Resources */ = {isa = PBXBuildFile; fileRef = 7DD56E5E2C6CC831009AE72C /* Assets.xcassets */; };
		7DD56E622C6CC831009AE72C /* Preview Assets.xcassets in Resources */ = {isa = PBXBuildFile; fileRef = 7DD56E612C6CC831009AE72C /* Preview Assets.xcassets */; };
		7DD56E6E2C6CC93D009AE72C /* Globe.swift in Sources */ = {isa = PBXBuildFile; fileRef = 7DD56E692C6CC93D009AE72C /* Globe.swift */; };
		7DD56E6F2C6CC93D009AE72C /* GlobeConfiguration.swift in Sources */ = {isa = PBXBuildFile; fileRef = 7DD56E6A2C6CC93D009AE72C /* GlobeConfiguration.swift */; };
		7DD56E762C6CC9EC009AE72C /* CameraTracker.swift in Sources */ = {isa = PBXBuildFile; fileRef = 7DD56E722C6CC9EB009AE72C /* CameraTracker.swift */; };
		7DD56E772C6CC9EC009AE72C /* GlobeBillboardSystem.swift in Sources */ = {isa = PBXBuildFile; fileRef = 7DD56E732C6CC9EB009AE72C /* GlobeBillboardSystem.swift */; };
		7DD56E782C6CC9EC009AE72C /* RotationSystem.swift in Sources */ = {isa = PBXBuildFile; fileRef = 7DD56E742C6CC9EB009AE72C /* RotationSystem.swift */; };
		7DD56E7E2C6CCA71009AE72C /* GlobeEntity.swift in Sources */ = {isa = PBXBuildFile; fileRef = 7DD56E792C6CCA71009AE72C /* GlobeEntity.swift */; };
		7DD56E802C6CCA71009AE72C /* ResourceLoader.swift in Sources */ = {isa = PBXBuildFile; fileRef = 7DD56E7B2C6CCA71009AE72C /* ResourceLoader.swift */; };
		7DD56E842C6CCB13009AE72C /* Error.swift in Sources */ = {isa = PBXBuildFile; fileRef = 7DD56E832C6CCB13009AE72C /* Error.swift */; };
		7DD56E852C6CCB60009AE72C /* ViewModel.swift in Sources */ = {isa = PBXBuildFile; fileRef = 7DD56E6C2C6CC93D009AE72C /* ViewModel.swift */; };
		7DD56E882C6CCFD6009AE72C /* Globe+Preview.swift in Sources */ = {isa = PBXBuildFile; fileRef = 7DD56E872C6CCFD6009AE72C /* Globe+Preview.swift */; };
		7DD56E892C6CCFD6009AE72C /* ViewModel+Preview.swift in Sources */ = {isa = PBXBuildFile; fileRef = 7DD56E862C6CCFD6009AE72C /* ViewModel+Preview.swift */; };
		7DD56E8B2C6CD134009AE72C /* GlobeAttachmentView.swift in Sources */ = {isa = PBXBuildFile; fileRef = 7DD56E8A2C6CD134009AE72C /* GlobeAttachmentView.swift */; };
		7DD56E8E2C6CD19A009AE72C /* GaugeProgressStyle.swift in Sources */ = {isa = PBXBuildFile; fileRef = 7DD56E8D2C6CD19A009AE72C /* GaugeProgressStyle.swift */; };
		7DD56E902C6CD1F0009AE72C /* ButtonImage.swift in Sources */ = {isa = PBXBuildFile; fileRef = 7DD56E8F2C6CD1F0009AE72C /* ButtonImage.swift */; };
		7DD56E942C6CD4D7009AE72C /* GlobeToggle.swift in Sources */ = {isa = PBXBuildFile; fileRef = 7DD56E932C6CD4D7009AE72C /* GlobeToggle.swift */; };
		7DD56E992C6DB033009AE72C /* GlobeGesturesModifier.swift in Sources */ = {isa = PBXBuildFile; fileRef = 7DD56E982C6DB000009AE72C /* GlobeGesturesModifier.swift */; };
		7DE6A6F62C6E1DCC00E0D956 /* WebView.swift in Sources */ = {isa = PBXBuildFile; fileRef = 7DE6A6F42C6E1DCC00E0D956 /* WebView.swift */; };
		7DE6A6F72C6E1DCC00E0D956 /* WebViewDecorated.swift in Sources */ = {isa = PBXBuildFile; fileRef = 7DE6A6F52C6E1DCC00E0D956 /* WebViewDecorated.swift */; };
		970D876A2D0A636A00700830 /* StudyModel.swift in Sources */ = {isa = PBXBuildFile; fileRef = 970D87692D0A636300700830 /* StudyModel.swift */; };
		9742BB292D33E1B7001079D4 /* GestureType.swift in Sources */ = {isa = PBXBuildFile; fileRef = 9742BB282D33E1B2001079D4 /* GestureType.swift */; };
		9798B5372D11C7F400D0319C /* Instruction.swift in Sources */ = {isa = PBXBuildFile; fileRef = 9798B5362D11C7EF00D0319C /* Instruction.swift */; };
		97C198AF2D2ED1F100655735 /* RotationMatcher.swift in Sources */ = {isa = PBXBuildFile; fileRef = 97C198AE2D2ED1E100655735 /* RotationMatcher.swift */; };
		97C198B12D2ED20100655735 /* ScaleMatcher.swift in Sources */ = {isa = PBXBuildFile; fileRef = 97C198B02D2ED1FA00655735 /* ScaleMatcher.swift */; };
		97C37A202D12787200E628CB /* GetReady.swift in Sources */ = {isa = PBXBuildFile; fileRef = 97C37A1F2D12786F00E628CB /* GetReady.swift */; };
		97C37A222D12DDCB00E628CB /* PositionMatcher.swift in Sources */ = {isa = PBXBuildFile; fileRef = 97C37A212D12DDC700E628CB /* PositionMatcher.swift */; };
		97D85BFD2D09299300C9D1B9 /* StartTaskButton.swift in Sources */ = {isa = PBXBuildFile; fileRef = 97D85BFC2D09298B00C9D1B9 /* StartTaskButton.swift */; };
		97D8C1382D3FF3070079F1C1 /* GestureStatus.swift in Sources */ = {isa = PBXBuildFile; fileRef = 97D8C1372D3FF3020079F1C1 /* GestureStatus.swift */; };
		97D8C13A2D3FF4A50079F1C1 /* TaskStorageManager.swift in Sources */ = {isa = PBXBuildFile; fileRef = 97D8C1392D3FF4A10079F1C1 /* TaskStorageManager.swift */; };
		97D8C13C2D3FFA4A0079F1C1 /* RotationTaskCodable.swift in Sources */ = {isa = PBXBuildFile; fileRef = 97D8C13B2D3FFA3E0079F1C1 /* RotationTaskCodable.swift */; };
		97D8C13E2D3FFA600079F1C1 /* ScaleTaskCodable.swift in Sources */ = {isa = PBXBuildFile; fileRef = 97D8C13D2D3FFA590079F1C1 /* ScaleTaskCodable.swift */; };
		97E6E8F42D3F9EDF00892FCD /* PositionTaskCodable.swift in Sources */ = {isa = PBXBuildFile; fileRef = 97E6E8F32D3F9ED900892FCD /* PositionTaskCodable.swift */; };
/* End PBXBuildFile section */

/* Begin PBXFileReference section */
		7D2F438A2D3B194D00928A68 /* Log.swift */ = {isa = PBXFileReference; lastKnownFileType = sourcecode.swift; path = Log.swift; sourceTree = "<group>"; };
		7D2F438D2D3B2D7F00928A68 /* StudyTask.swift */ = {isa = PBXFileReference; lastKnownFileType = sourcecode.swift; path = StudyTask.swift; sourceTree = "<group>"; };
		7D2F43952D3B399500928A68 /* StudyAction.swift */ = {isa = PBXFileReference; lastKnownFileType = sourcecode.swift; path = StudyAction.swift; sourceTree = "<group>"; };
		7D2F43972D3B4FAF00928A68 /* PositionTask.swift */ = {isa = PBXFileReference; lastKnownFileType = sourcecode.swift; path = PositionTask.swift; sourceTree = "<group>"; };
		7D2F43982D3B4FAF00928A68 /* RotationTask.swift */ = {isa = PBXFileReference; lastKnownFileType = sourcecode.swift; path = RotationTask.swift; sourceTree = "<group>"; };
		7D2F43992D3B4FAF00928A68 /* ScaleTask.swift */ = {isa = PBXFileReference; lastKnownFileType = sourcecode.swift; path = ScaleTask.swift; sourceTree = "<group>"; };
		7D2F439E2D3B50A100928A68 /* Matcher.swift */ = {isa = PBXFileReference; lastKnownFileType = sourcecode.swift; path = Matcher.swift; sourceTree = "<group>"; };
		7D60D94D2CF84F2900D7C8AD /* GoogleForm.swift */ = {isa = PBXFileReference; lastKnownFileType = sourcecode.swift; path = GoogleForm.swift; sourceTree = "<group>"; };
		7D60D94E2CF84F2900D7C8AD /* TaskView.swift */ = {isa = PBXFileReference; lastKnownFileType = sourcecode.swift; path = TaskView.swift; sourceTree = "<group>"; };
		7D60D94F2CF84F2900D7C8AD /* WelcomeView.swift */ = {isa = PBXFileReference; lastKnownFileType = sourcecode.swift; path = WelcomeView.swift; sourceTree = "<group>"; };
		7D60D9542CF84F2C00D7C8AD /* CaseIterable+Next.swift */ = {isa = PBXFileReference; lastKnownFileType = sourcecode.swift; path = "CaseIterable+Next.swift"; sourceTree = "<group>"; };
		7D60D9572CF8550F00D7C8AD /* Page.swift */ = {isa = PBXFileReference; lastKnownFileType = sourcecode.swift; path = Page.swift; sourceTree = "<group>"; };
		7D60D9592CF85E9300D7C8AD /* ThankYouView.swift */ = {isa = PBXFileReference; lastKnownFileType = sourcecode.swift; path = ThankYouView.swift; sourceTree = "<group>"; };
		7D8399B02D40759F00F08DC3 /* .gitignore */ = {isa = PBXFileReference; lastKnownFileType = text; path = .gitignore; sourceTree = "<group>"; };
		7D8399B32D4095D800F08DC3 /* ThrottledArray.swift */ = {isa = PBXFileReference; lastKnownFileType = sourcecode.swift; path = ThrottledArray.swift; sourceTree = "<group>"; };
		7D839A122D41D3A800F08DC3 /* PositionOptionsAttachmentView.swift */ = {isa = PBXFileReference; lastKnownFileType = sourcecode.swift; path = PositionOptionsAttachmentView.swift; sourceTree = "<group>"; };
		7DC8613D2CA43ED600D2F90F /* Georeferencer.swift */ = {isa = PBXFileReference; lastKnownFileType = sourcecode.swift; path = Georeferencer.swift; sourceTree = "<group>"; };
		7DC861412CA448F700D2F90F /* AttributeTable.swift */ = {isa = PBXFileReference; lastKnownFileType = sourcecode.swift; path = AttributeTable.swift; sourceTree = "<group>"; };
		7DC861432CA44E0D00D2F90F /* geo.csv */ = {isa = PBXFileReference; lastKnownFileType = text; path = geo.csv; sourceTree = "<group>"; };
		7DC861452CA537A900D2F90F /* ISO 3166-1 numeric-3.asc */ = {isa = PBXFileReference; lastKnownFileType = text; path = "ISO 3166-1 numeric-3.asc"; sourceTree = "<group>"; };
		7DD56E512C6CC830009AE72C /* SimpleGlobe.app */ = {isa = PBXFileReference; explicitFileType = wrapper.application; includeInIndex = 0; path = SimpleGlobe.app; sourceTree = BUILT_PRODUCTS_DIR; };
		7DD56E582C6CC830009AE72C /* SimpleGlobeApp.swift */ = {isa = PBXFileReference; lastKnownFileType = sourcecode.swift; path = SimpleGlobeApp.swift; sourceTree = "<group>"; };
		7DD56E5A2C6CC830009AE72C /* ContentView.swift */ = {isa = PBXFileReference; lastKnownFileType = sourcecode.swift; path = ContentView.swift; sourceTree = "<group>"; };
		7DD56E5C2C6CC830009AE72C /* ImmersiveView.swift */ = {isa = PBXFileReference; lastKnownFileType = sourcecode.swift; path = ImmersiveView.swift; sourceTree = "<group>"; };
		7DD56E5E2C6CC831009AE72C /* Assets.xcassets */ = {isa = PBXFileReference; lastKnownFileType = folder.assetcatalog; path = Assets.xcassets; sourceTree = "<group>"; };
		7DD56E612C6CC831009AE72C /* Preview Assets.xcassets */ = {isa = PBXFileReference; lastKnownFileType = folder.assetcatalog; path = "Preview Assets.xcassets"; sourceTree = "<group>"; };
		7DD56E632C6CC831009AE72C /* Info.plist */ = {isa = PBXFileReference; lastKnownFileType = text.plist.xml; path = Info.plist; sourceTree = "<group>"; };
		7DD56E692C6CC93D009AE72C /* Globe.swift */ = {isa = PBXFileReference; fileEncoding = 4; lastKnownFileType = sourcecode.swift; path = Globe.swift; sourceTree = "<group>"; };
		7DD56E6A2C6CC93D009AE72C /* GlobeConfiguration.swift */ = {isa = PBXFileReference; fileEncoding = 4; lastKnownFileType = sourcecode.swift; path = GlobeConfiguration.swift; sourceTree = "<group>"; };
		7DD56E6C2C6CC93D009AE72C /* ViewModel.swift */ = {isa = PBXFileReference; fileEncoding = 4; lastKnownFileType = sourcecode.swift; path = ViewModel.swift; sourceTree = "<group>"; };
		7DD56E722C6CC9EB009AE72C /* CameraTracker.swift */ = {isa = PBXFileReference; fileEncoding = 4; lastKnownFileType = sourcecode.swift; path = CameraTracker.swift; sourceTree = "<group>"; };
		7DD56E732C6CC9EB009AE72C /* GlobeBillboardSystem.swift */ = {isa = PBXFileReference; fileEncoding = 4; lastKnownFileType = sourcecode.swift; path = GlobeBillboardSystem.swift; sourceTree = "<group>"; };
		7DD56E742C6CC9EB009AE72C /* RotationSystem.swift */ = {isa = PBXFileReference; fileEncoding = 4; lastKnownFileType = sourcecode.swift; path = RotationSystem.swift; sourceTree = "<group>"; };
		7DD56E792C6CCA71009AE72C /* GlobeEntity.swift */ = {isa = PBXFileReference; fileEncoding = 4; lastKnownFileType = sourcecode.swift; path = GlobeEntity.swift; sourceTree = "<group>"; };
		7DD56E7B2C6CCA71009AE72C /* ResourceLoader.swift */ = {isa = PBXFileReference; fileEncoding = 4; lastKnownFileType = sourcecode.swift; path = ResourceLoader.swift; sourceTree = "<group>"; };
		7DD56E832C6CCB13009AE72C /* Error.swift */ = {isa = PBXFileReference; fileEncoding = 4; lastKnownFileType = sourcecode.swift; path = Error.swift; sourceTree = "<group>"; };
		7DD56E862C6CCFD6009AE72C /* ViewModel+Preview.swift */ = {isa = PBXFileReference; lastKnownFileType = sourcecode.swift; path = "ViewModel+Preview.swift"; sourceTree = "<group>"; };
		7DD56E872C6CCFD6009AE72C /* Globe+Preview.swift */ = {isa = PBXFileReference; lastKnownFileType = sourcecode.swift; path = "Globe+Preview.swift"; sourceTree = "<group>"; };
		7DD56E8A2C6CD134009AE72C /* GlobeAttachmentView.swift */ = {isa = PBXFileReference; lastKnownFileType = sourcecode.swift; path = GlobeAttachmentView.swift; sourceTree = "<group>"; };
		7DD56E8D2C6CD19A009AE72C /* GaugeProgressStyle.swift */ = {isa = PBXFileReference; lastKnownFileType = sourcecode.swift; path = GaugeProgressStyle.swift; sourceTree = "<group>"; };
		7DD56E8F2C6CD1F0009AE72C /* ButtonImage.swift */ = {isa = PBXFileReference; lastKnownFileType = sourcecode.swift; path = ButtonImage.swift; sourceTree = "<group>"; };
		7DD56E932C6CD4D7009AE72C /* GlobeToggle.swift */ = {isa = PBXFileReference; lastKnownFileType = sourcecode.swift; path = GlobeToggle.swift; sourceTree = "<group>"; };
		7DD56E982C6DB000009AE72C /* GlobeGesturesModifier.swift */ = {isa = PBXFileReference; lastKnownFileType = sourcecode.swift; path = GlobeGesturesModifier.swift; sourceTree = "<group>"; };
		7DE6A6F42C6E1DCC00E0D956 /* WebView.swift */ = {isa = PBXFileReference; lastKnownFileType = sourcecode.swift; path = WebView.swift; sourceTree = "<group>"; };
		7DE6A6F52C6E1DCC00E0D956 /* WebViewDecorated.swift */ = {isa = PBXFileReference; lastKnownFileType = sourcecode.swift; path = WebViewDecorated.swift; sourceTree = "<group>"; };
		970D87692D0A636300700830 /* StudyModel.swift */ = {isa = PBXFileReference; lastKnownFileType = sourcecode.swift; path = StudyModel.swift; sourceTree = "<group>"; };
		9742BB282D33E1B2001079D4 /* GestureType.swift */ = {isa = PBXFileReference; lastKnownFileType = sourcecode.swift; path = GestureType.swift; sourceTree = "<group>"; };
		9798B5362D11C7EF00D0319C /* Instruction.swift */ = {isa = PBXFileReference; lastKnownFileType = sourcecode.swift; path = Instruction.swift; sourceTree = "<group>"; };
		97C198AE2D2ED1E100655735 /* RotationMatcher.swift */ = {isa = PBXFileReference; lastKnownFileType = sourcecode.swift; path = RotationMatcher.swift; sourceTree = "<group>"; };
		97C198B02D2ED1FA00655735 /* ScaleMatcher.swift */ = {isa = PBXFileReference; lastKnownFileType = sourcecode.swift; path = ScaleMatcher.swift; sourceTree = "<group>"; };
		97C37A1F2D12786F00E628CB /* GetReady.swift */ = {isa = PBXFileReference; lastKnownFileType = sourcecode.swift; path = GetReady.swift; sourceTree = "<group>"; };
		97C37A212D12DDC700E628CB /* PositionMatcher.swift */ = {isa = PBXFileReference; lastKnownFileType = sourcecode.swift; path = PositionMatcher.swift; sourceTree = "<group>"; };
		97D85BFC2D09298B00C9D1B9 /* StartTaskButton.swift */ = {isa = PBXFileReference; lastKnownFileType = sourcecode.swift; path = StartTaskButton.swift; sourceTree = "<group>"; };
		97D8C1372D3FF3020079F1C1 /* GestureStatus.swift */ = {isa = PBXFileReference; lastKnownFileType = sourcecode.swift; path = GestureStatus.swift; sourceTree = "<group>"; };
		97D8C1392D3FF4A10079F1C1 /* TaskStorageManager.swift */ = {isa = PBXFileReference; lastKnownFileType = sourcecode.swift; path = TaskStorageManager.swift; sourceTree = "<group>"; };
		97D8C13B2D3FFA3E0079F1C1 /* RotationTaskCodable.swift */ = {isa = PBXFileReference; lastKnownFileType = sourcecode.swift; path = RotationTaskCodable.swift; sourceTree = "<group>"; };
		97D8C13D2D3FFA590079F1C1 /* ScaleTaskCodable.swift */ = {isa = PBXFileReference; lastKnownFileType = sourcecode.swift; path = ScaleTaskCodable.swift; sourceTree = "<group>"; };
		97E6E8F32D3F9ED900892FCD /* PositionTaskCodable.swift */ = {isa = PBXFileReference; lastKnownFileType = sourcecode.swift; path = PositionTaskCodable.swift; sourceTree = "<group>"; };
/* End PBXFileReference section */

/* Begin PBXFrameworksBuildPhase section */
		7DD56E4E2C6CC830009AE72C /* Frameworks */ = {
			isa = PBXFrameworksBuildPhase;
			buildActionMask = 2147483647;
			files = (
			);
			runOnlyForDeploymentPostprocessing = 0;
		};
/* End PBXFrameworksBuildPhase section */

/* Begin PBXGroup section */
		7D2F438C2D3B2D7500928A68 /* Study */ = {
			isa = PBXGroup;
			children = (
				97D8C1392D3FF4A10079F1C1 /* TaskStorageManager.swift */,
				97D8C1372D3FF3020079F1C1 /* GestureStatus.swift */,
				97E6E8F32D3F9ED900892FCD /* PositionTaskCodable.swift */,
				7D2F43972D3B4FAF00928A68 /* PositionTask.swift */,
				97D8C13B2D3FFA3E0079F1C1 /* RotationTaskCodable.swift */,
				7D2F43982D3B4FAF00928A68 /* RotationTask.swift */,
				97D8C13D2D3FFA590079F1C1 /* ScaleTaskCodable.swift */,
				7D2F43992D3B4FAF00928A68 /* ScaleTask.swift */,
				7D2F43952D3B399500928A68 /* StudyAction.swift */,
				7D2F438D2D3B2D7F00928A68 /* StudyTask.swift */,
				970D87692D0A636300700830 /* StudyModel.swift */,
			);
			path = Study;
			sourceTree = "<group>";
		};
		7D2F439D2D3B508400928A68 /* Matcher */ = {
			isa = PBXGroup;
			children = (
				7D2F439E2D3B50A100928A68 /* Matcher.swift */,
				97C37A212D12DDC700E628CB /* PositionMatcher.swift */,
				97C198AE2D2ED1E100655735 /* RotationMatcher.swift */,
				97C198B02D2ED1FA00655735 /* ScaleMatcher.swift */,
			);
			path = Matcher;
			sourceTree = "<group>";
		};
		7D60D9502CF84F2900D7C8AD /* PageViews */ = {
			isa = PBXGroup;
			children = (
				7D60D9572CF8550F00D7C8AD /* Page.swift */,
				7D60D94F2CF84F2900D7C8AD /* WelcomeView.swift */,
				7D60D94D2CF84F2900D7C8AD /* GoogleForm.swift */,
				7D60D94E2CF84F2900D7C8AD /* TaskView.swift */,
				7D60D9592CF85E9300D7C8AD /* ThankYouView.swift */,
			);
			path = PageViews;
			sourceTree = "<group>";
		};
		7D60D9552CF84F2C00D7C8AD /* Extensions */ = {
			isa = PBXGroup;
			children = (
				7D60D9542CF84F2C00D7C8AD /* CaseIterable+Next.swift */,
			);
			path = Extensions;
			sourceTree = "<group>";
		};
		7DD56E482C6CC830009AE72C = {
			isa = PBXGroup;
			children = (
				7D8399B02D40759F00F08DC3 /* .gitignore */,
				7DD56E532C6CC830009AE72C /* SimpleGlobe */,
				7DD56E522C6CC830009AE72C /* Products */,
			);
			sourceTree = "<group>";
		};
		7DD56E522C6CC830009AE72C /* Products */ = {
			isa = PBXGroup;
			children = (
				7DD56E512C6CC830009AE72C /* SimpleGlobe.app */,
			);
			name = Products;
			sourceTree = "<group>";
		};
		7DD56E532C6CC830009AE72C /* SimpleGlobe */ = {
			isa = PBXGroup;
			children = (
				7DD56E582C6CC830009AE72C /* SimpleGlobeApp.swift */,
				7DD56E6D2C6CC93D009AE72C /* Model */,
				7DD56E7D2C6CCA71009AE72C /* Entities */,
				7DD56E752C6CC9EB009AE72C /* Systems & Components */,
				7DD56E8C2C6CD171009AE72C /* Views */,
				7DD56E972C6DAFF2009AE72C /* Gestures */,
				7D60D9552CF84F2C00D7C8AD /* Extensions */,
				7DD56E822C6CCAF3009AE72C /* Utilities */,
				7DD56E5E2C6CC831009AE72C /* Assets.xcassets */,
				7DC861452CA537A900D2F90F /* ISO 3166-1 numeric-3.asc */,
				7DC861432CA44E0D00D2F90F /* geo.csv */,
				7DD56E632C6CC831009AE72C /* Info.plist */,
				7DD56E602C6CC831009AE72C /* Preview Content */,
			);
			path = SimpleGlobe;
			sourceTree = "<group>";
		};
		7DD56E602C6CC831009AE72C /* Preview Content */ = {
			isa = PBXGroup;
			children = (
				7DD56E612C6CC831009AE72C /* Preview Assets.xcassets */,
				7DD56E872C6CCFD6009AE72C /* Globe+Preview.swift */,
				7DD56E862C6CCFD6009AE72C /* ViewModel+Preview.swift */,
			);
			path = "Preview Content";
			sourceTree = "<group>";
		};
		7DD56E6D2C6CC93D009AE72C /* Model */ = {
			isa = PBXGroup;
			children = (
				7D2F439D2D3B508400928A68 /* Matcher */,
				7D2F438C2D3B2D7500928A68 /* Study */,
				7D2F438A2D3B194D00928A68 /* Log.swift */,
				9742BB282D33E1B2001079D4 /* GestureType.swift */,
				7DD56E692C6CC93D009AE72C /* Globe.swift */,
				7DD56E6A2C6CC93D009AE72C /* GlobeConfiguration.swift */,
				7DD56E6C2C6CC93D009AE72C /* ViewModel.swift */,
				7DC8613D2CA43ED600D2F90F /* Georeferencer.swift */,
				7DC861412CA448F700D2F90F /* AttributeTable.swift */,
			);
			path = Model;
			sourceTree = "<group>";
		};
		7DD56E752C6CC9EB009AE72C /* Systems & Components */ = {
			isa = PBXGroup;
			children = (
				7DD56E722C6CC9EB009AE72C /* CameraTracker.swift */,
				7DD56E732C6CC9EB009AE72C /* GlobeBillboardSystem.swift */,
				7DD56E742C6CC9EB009AE72C /* RotationSystem.swift */,
			);
			path = "Systems & Components";
			sourceTree = "<group>";
		};
		7DD56E7D2C6CCA71009AE72C /* Entities */ = {
			isa = PBXGroup;
			children = (
				7DD56E792C6CCA71009AE72C /* GlobeEntity.swift */,
				7DD56E7B2C6CCA71009AE72C /* ResourceLoader.swift */,
			);
			path = Entities;
			sourceTree = "<group>";
		};
		7DD56E822C6CCAF3009AE72C /* Utilities */ = {
			isa = PBXGroup;
			children = (
				7D8399B32D4095D800F08DC3 /* ThrottledArray.swift */,
				7DD56E832C6CCB13009AE72C /* Error.swift */,
			);
			path = Utilities;
			sourceTree = "<group>";
		};
		7DD56E8C2C6CD171009AE72C /* Views */ = {
			isa = PBXGroup;
			children = (
				97C37A1F2D12786F00E628CB /* GetReady.swift */,
				9798B5362D11C7EF00D0319C /* Instruction.swift */,
				7DD56E5A2C6CC830009AE72C /* ContentView.swift */,
				7D60D9502CF84F2900D7C8AD /* PageViews */,
				7DD56E8F2C6CD1F0009AE72C /* ButtonImage.swift */,
				7DD56E8D2C6CD19A009AE72C /* GaugeProgressStyle.swift */,
				7DD56E8A2C6CD134009AE72C /* GlobeAttachmentView.swift */,
				97D85BFC2D09298B00C9D1B9 /* StartTaskButton.swift */,
				7DD56E932C6CD4D7009AE72C /* GlobeToggle.swift */,
				7DD56E5C2C6CC830009AE72C /* ImmersiveView.swift */,
				7DE6A6F42C6E1DCC00E0D956 /* WebView.swift */,
				7DE6A6F52C6E1DCC00E0D956 /* WebViewDecorated.swift */,
			);
			path = Views;
			sourceTree = "<group>";
		};
		7DD56E972C6DAFF2009AE72C /* Gestures */ = {
			isa = PBXGroup;
			children = (
				7DD56E982C6DB000009AE72C /* GlobeGesturesModifier.swift */,
			);
			path = Gestures;
			sourceTree = "<group>";
		};
/* End PBXGroup section */

/* Begin PBXNativeTarget section */
		7DD56E502C6CC830009AE72C /* SimpleGlobe */ = {
			isa = PBXNativeTarget;
			buildConfigurationList = 7DD56E662C6CC831009AE72C /* Build configuration list for PBXNativeTarget "SimpleGlobe" */;
			buildPhases = (
				7DD56E4D2C6CC830009AE72C /* Sources */,
				7DD56E4E2C6CC830009AE72C /* Frameworks */,
				7DD56E4F2C6CC830009AE72C /* Resources */,
			);
			buildRules = (
			);
			dependencies = (
			);
			name = SimpleGlobe;
			packageProductDependencies = (
			);
			productName = SimpleGlobe;
			productReference = 7DD56E512C6CC830009AE72C /* SimpleGlobe.app */;
			productType = "com.apple.product-type.application";
		};
/* End PBXNativeTarget section */

/* Begin PBXProject section */
		7DD56E492C6CC830009AE72C /* Project object */ = {
			isa = PBXProject;
			attributes = {
				BuildIndependentTargetsInParallel = 1;
				LastSwiftUpdateCheck = 1540;
				LastUpgradeCheck = 1540;
				TargetAttributes = {
					7DD56E502C6CC830009AE72C = {
						CreatedOnToolsVersion = 15.4;
					};
				};
			};
			buildConfigurationList = 7DD56E4C2C6CC830009AE72C /* Build configuration list for PBXProject "SimpleGlobe" */;
			compatibilityVersion = "Xcode 14.0";
			developmentRegion = en;
			hasScannedForEncodings = 0;
			knownRegions = (
				en,
				Base,
			);
			mainGroup = 7DD56E482C6CC830009AE72C;
			packageReferences = (
			);
			productRefGroup = 7DD56E522C6CC830009AE72C /* Products */;
			projectDirPath = "";
			projectRoot = "";
			targets = (
				7DD56E502C6CC830009AE72C /* SimpleGlobe */,
			);
		};
/* End PBXProject section */

/* Begin PBXResourcesBuildPhase section */
		7DD56E4F2C6CC830009AE72C /* Resources */ = {
			isa = PBXResourcesBuildPhase;
			buildActionMask = 2147483647;
			files = (
				7DC861442CA44E0D00D2F90F /* geo.csv in Resources */,
				7DC861462CA537A900D2F90F /* ISO 3166-1 numeric-3.asc in Resources */,
				7DD56E622C6CC831009AE72C /* Preview Assets.xcassets in Resources */,
				7DD56E5F2C6CC831009AE72C /* Assets.xcassets in Resources */,
			);
			runOnlyForDeploymentPostprocessing = 0;
		};
/* End PBXResourcesBuildPhase section */

/* Begin PBXSourcesBuildPhase section */
		7DD56E4D2C6CC830009AE72C /* Sources */ = {
			isa = PBXSourcesBuildPhase;
			buildActionMask = 2147483647;
			files = (
				7DC8613E2CA43EDB00D2F90F /* Georeferencer.swift in Sources */,
				7D60D9562CF84F2C00D7C8AD /* CaseIterable+Next.swift in Sources */,
				9798B5372D11C7F400D0319C /* Instruction.swift in Sources */,
				7DD56E8E2C6CD19A009AE72C /* GaugeProgressStyle.swift in Sources */,
				7DE6A6F62C6E1DCC00E0D956 /* WebView.swift in Sources */,
				97C198AF2D2ED1F100655735 /* RotationMatcher.swift in Sources */,
				97D8C13A2D3FF4A50079F1C1 /* TaskStorageManager.swift in Sources */,
				970D876A2D0A636A00700830 /* StudyModel.swift in Sources */,
				7DD56E992C6DB033009AE72C /* GlobeGesturesModifier.swift in Sources */,
				7DD56E7E2C6CCA71009AE72C /* GlobeEntity.swift in Sources */,
				7DD56E8B2C6CD134009AE72C /* GlobeAttachmentView.swift in Sources */,
				7DD56E802C6CCA71009AE72C /* ResourceLoader.swift in Sources */,
				7DD56E842C6CCB13009AE72C /* Error.swift in Sources */,
				7DD56E902C6CD1F0009AE72C /* ButtonImage.swift in Sources */,
				7DD56E5B2C6CC830009AE72C /* ContentView.swift in Sources */,
				7DD56E942C6CD4D7009AE72C /* GlobeToggle.swift in Sources */,
				7DD56E852C6CCB60009AE72C /* ViewModel.swift in Sources */,
				97E6E8F42D3F9EDF00892FCD /* PositionTaskCodable.swift in Sources */,
				7DD56E6F2C6CC93D009AE72C /* GlobeConfiguration.swift in Sources */,
				7DD56E592C6CC830009AE72C /* SimpleGlobeApp.swift in Sources */,
				97D8C1382D3FF3070079F1C1 /* GestureStatus.swift in Sources */,
				7D60D9512CF84F2900D7C8AD /* GoogleForm.swift in Sources */,
				7D60D9522CF84F2900D7C8AD /* TaskView.swift in Sources */,
				97C37A222D12DDCB00E628CB /* PositionMatcher.swift in Sources */,
				7D2F439A2D3B4FAF00928A68 /* RotationTask.swift in Sources */,
				7D2F439B2D3B4FAF00928A68 /* PositionTask.swift in Sources */,
				7D2F439C2D3B4FAF00928A68 /* ScaleTask.swift in Sources */,
				7D2F438E2D3B2D8200928A68 /* StudyTask.swift in Sources */,
				9742BB292D33E1B7001079D4 /* GestureType.swift in Sources */,
				7D60D9532CF84F2900D7C8AD /* WelcomeView.swift in Sources */,
				7D60D9582CF8550F00D7C8AD /* Page.swift in Sources */,
				7DD56E5D2C6CC830009AE72C /* ImmersiveView.swift in Sources */,
				97C37A202D12787200E628CB /* GetReady.swift in Sources */,
				97D8C13E2D3FFA600079F1C1 /* ScaleTaskCodable.swift in Sources */,
				97C198B12D2ED20100655735 /* ScaleMatcher.swift in Sources */,
				7DD56E762C6CC9EC009AE72C /* CameraTracker.swift in Sources */,
				7DD56E892C6CCFD6009AE72C /* ViewModel+Preview.swift in Sources */,
				7D60D95A2CF85E9300D7C8AD /* ThankYouView.swift in Sources */,
				7DC861422CA448F700D2F90F /* AttributeTable.swift in Sources */,
				7DD56E772C6CC9EC009AE72C /* GlobeBillboardSystem.swift in Sources */,
				7D8399B42D4095DD00F08DC3 /* ThrottledArray.swift in Sources */,
				7D2F43962D3B399800928A68 /* StudyAction.swift in Sources */,
				7DD56E882C6CCFD6009AE72C /* Globe+Preview.swift in Sources */,
				7DD56E6E2C6CC93D009AE72C /* Globe.swift in Sources */,
				7D2F438B2D3B195100928A68 /* Log.swift in Sources */,
				7DD56E782C6CC9EC009AE72C /* RotationSystem.swift in Sources */,
				7DE6A6F72C6E1DCC00E0D956 /* WebViewDecorated.swift in Sources */,
				7D2F439F2D3B50A300928A68 /* Matcher.swift in Sources */,
				97D8C13C2D3FFA4A0079F1C1 /* RotationTaskCodable.swift in Sources */,
				97D85BFD2D09299300C9D1B9 /* StartTaskButton.swift in Sources */,
			);
			runOnlyForDeploymentPostprocessing = 0;
		};
/* End PBXSourcesBuildPhase section */

/* Begin XCBuildConfiguration section */
		7DD56E642C6CC831009AE72C /* Debug */ = {
			isa = XCBuildConfiguration;
			buildSettings = {
				ALWAYS_SEARCH_USER_PATHS = NO;
				ASSETCATALOG_COMPILER_GENERATE_SWIFT_ASSET_SYMBOL_EXTENSIONS = YES;
				CLANG_ANALYZER_NONNULL = YES;
				CLANG_ANALYZER_NUMBER_OBJECT_CONVERSION = YES_AGGRESSIVE;
				CLANG_CXX_LANGUAGE_STANDARD = "gnu++20";
				CLANG_ENABLE_MODULES = YES;
				CLANG_ENABLE_OBJC_ARC = YES;
				CLANG_ENABLE_OBJC_WEAK = YES;
				CLANG_WARN_BLOCK_CAPTURE_AUTORELEASING = YES;
				CLANG_WARN_BOOL_CONVERSION = YES;
				CLANG_WARN_COMMA = YES;
				CLANG_WARN_CONSTANT_CONVERSION = YES;
				CLANG_WARN_DEPRECATED_OBJC_IMPLEMENTATIONS = YES;
				CLANG_WARN_DIRECT_OBJC_ISA_USAGE = YES_ERROR;
				CLANG_WARN_DOCUMENTATION_COMMENTS = YES;
				CLANG_WARN_EMPTY_BODY = YES;
				CLANG_WARN_ENUM_CONVERSION = YES;
				CLANG_WARN_INFINITE_RECURSION = YES;
				CLANG_WARN_INT_CONVERSION = YES;
				CLANG_WARN_NON_LITERAL_NULL_CONVERSION = YES;
				CLANG_WARN_OBJC_IMPLICIT_RETAIN_SELF = YES;
				CLANG_WARN_OBJC_LITERAL_CONVERSION = YES;
				CLANG_WARN_OBJC_ROOT_CLASS = YES_ERROR;
				CLANG_WARN_QUOTED_INCLUDE_IN_FRAMEWORK_HEADER = YES;
				CLANG_WARN_RANGE_LOOP_ANALYSIS = YES;
				CLANG_WARN_STRICT_PROTOTYPES = YES;
				CLANG_WARN_SUSPICIOUS_MOVE = YES;
				CLANG_WARN_UNGUARDED_AVAILABILITY = YES_AGGRESSIVE;
				CLANG_WARN_UNREACHABLE_CODE = YES;
				CLANG_WARN__DUPLICATE_METHOD_MATCH = YES;
				COPY_PHASE_STRIP = NO;
				DEBUG_INFORMATION_FORMAT = dwarf;
				ENABLE_STRICT_OBJC_MSGSEND = YES;
				ENABLE_TESTABILITY = YES;
				ENABLE_USER_SCRIPT_SANDBOXING = YES;
				GCC_C_LANGUAGE_STANDARD = gnu17;
				GCC_DYNAMIC_NO_PIC = NO;
				GCC_NO_COMMON_BLOCKS = YES;
				GCC_OPTIMIZATION_LEVEL = 0;
				GCC_PREPROCESSOR_DEFINITIONS = (
					"DEBUG=1",
					"$(inherited)",
				);
				GCC_WARN_64_TO_32_BIT_CONVERSION = YES;
				GCC_WARN_ABOUT_RETURN_TYPE = YES_ERROR;
				GCC_WARN_UNDECLARED_SELECTOR = YES;
				GCC_WARN_UNINITIALIZED_AUTOS = YES_AGGRESSIVE;
				GCC_WARN_UNUSED_FUNCTION = YES;
				GCC_WARN_UNUSED_VARIABLE = YES;
				LOCALIZATION_PREFERS_STRING_CATALOGS = YES;
				MTL_ENABLE_DEBUG_INFO = INCLUDE_SOURCE;
				MTL_FAST_MATH = YES;
				ONLY_ACTIVE_ARCH = YES;
				SDKROOT = xros;
				SWIFT_ACTIVE_COMPILATION_CONDITIONS = "DEBUG $(inherited)";
				SWIFT_OPTIMIZATION_LEVEL = "-Onone";
				XROS_DEPLOYMENT_TARGET = 1.2;
			};
			name = Debug;
		};
		7DD56E652C6CC831009AE72C /* Release */ = {
			isa = XCBuildConfiguration;
			buildSettings = {
				ALWAYS_SEARCH_USER_PATHS = NO;
				ASSETCATALOG_COMPILER_GENERATE_SWIFT_ASSET_SYMBOL_EXTENSIONS = YES;
				CLANG_ANALYZER_NONNULL = YES;
				CLANG_ANALYZER_NUMBER_OBJECT_CONVERSION = YES_AGGRESSIVE;
				CLANG_CXX_LANGUAGE_STANDARD = "gnu++20";
				CLANG_ENABLE_MODULES = YES;
				CLANG_ENABLE_OBJC_ARC = YES;
				CLANG_ENABLE_OBJC_WEAK = YES;
				CLANG_WARN_BLOCK_CAPTURE_AUTORELEASING = YES;
				CLANG_WARN_BOOL_CONVERSION = YES;
				CLANG_WARN_COMMA = YES;
				CLANG_WARN_CONSTANT_CONVERSION = YES;
				CLANG_WARN_DEPRECATED_OBJC_IMPLEMENTATIONS = YES;
				CLANG_WARN_DIRECT_OBJC_ISA_USAGE = YES_ERROR;
				CLANG_WARN_DOCUMENTATION_COMMENTS = YES;
				CLANG_WARN_EMPTY_BODY = YES;
				CLANG_WARN_ENUM_CONVERSION = YES;
				CLANG_WARN_INFINITE_RECURSION = YES;
				CLANG_WARN_INT_CONVERSION = YES;
				CLANG_WARN_NON_LITERAL_NULL_CONVERSION = YES;
				CLANG_WARN_OBJC_IMPLICIT_RETAIN_SELF = YES;
				CLANG_WARN_OBJC_LITERAL_CONVERSION = YES;
				CLANG_WARN_OBJC_ROOT_CLASS = YES_ERROR;
				CLANG_WARN_QUOTED_INCLUDE_IN_FRAMEWORK_HEADER = YES;
				CLANG_WARN_RANGE_LOOP_ANALYSIS = YES;
				CLANG_WARN_STRICT_PROTOTYPES = YES;
				CLANG_WARN_SUSPICIOUS_MOVE = YES;
				CLANG_WARN_UNGUARDED_AVAILABILITY = YES_AGGRESSIVE;
				CLANG_WARN_UNREACHABLE_CODE = YES;
				CLANG_WARN__DUPLICATE_METHOD_MATCH = YES;
				COPY_PHASE_STRIP = NO;
				DEBUG_INFORMATION_FORMAT = "dwarf-with-dsym";
				ENABLE_NS_ASSERTIONS = NO;
				ENABLE_STRICT_OBJC_MSGSEND = YES;
				ENABLE_USER_SCRIPT_SANDBOXING = YES;
				GCC_C_LANGUAGE_STANDARD = gnu17;
				GCC_NO_COMMON_BLOCKS = YES;
				GCC_WARN_64_TO_32_BIT_CONVERSION = YES;
				GCC_WARN_ABOUT_RETURN_TYPE = YES_ERROR;
				GCC_WARN_UNDECLARED_SELECTOR = YES;
				GCC_WARN_UNINITIALIZED_AUTOS = YES_AGGRESSIVE;
				GCC_WARN_UNUSED_FUNCTION = YES;
				GCC_WARN_UNUSED_VARIABLE = YES;
				LOCALIZATION_PREFERS_STRING_CATALOGS = YES;
				MTL_ENABLE_DEBUG_INFO = NO;
				MTL_FAST_MATH = YES;
				SDKROOT = xros;
				SWIFT_COMPILATION_MODE = wholemodule;
				VALIDATE_PRODUCT = YES;
				XROS_DEPLOYMENT_TARGET = 1.2;
			};
			name = Release;
		};
		7DD56E672C6CC831009AE72C /* Debug */ = {
			isa = XCBuildConfiguration;
			buildSettings = {
				ASSETCATALOG_COMPILER_APPICON_NAME = AppIcon;
				ASSETCATALOG_COMPILER_GLOBAL_ACCENT_COLOR_NAME = AccentColor;
				CODE_SIGN_STYLE = Automatic;
				CURRENT_PROJECT_VERSION = 1;
				DEVELOPMENT_ASSET_PATHS = "\"SimpleGlobe/Preview Content\"";
				DEVELOPMENT_TEAM = "";
				ENABLE_PREVIEWS = YES;
				GENERATE_INFOPLIST_FILE = YES;
				INFOPLIST_FILE = "$(TARGET_NAME)/Info.plist";
				LD_RUNPATH_SEARCH_PATHS = (
					"$(inherited)",
					"@executable_path/Frameworks",
				);
				MARKETING_VERSION = 1.0;
				PRODUCT_BUNDLE_IDENTIFIER = edu.monash.globe.SimpleGlobe;
				PRODUCT_NAME = "$(TARGET_NAME)";
				SUPPORTED_PLATFORMS = "xros xrsimulator";
				SWIFT_EMIT_LOC_STRINGS = YES;
				SWIFT_VERSION = 5.0;
				TARGETED_DEVICE_FAMILY = "1,2,7";
				XROS_DEPLOYMENT_TARGET = 2.2;
			};
			name = Debug;
		};
		7DD56E682C6CC831009AE72C /* Release */ = {
			isa = XCBuildConfiguration;
			buildSettings = {
				ASSETCATALOG_COMPILER_APPICON_NAME = AppIcon;
				ASSETCATALOG_COMPILER_GLOBAL_ACCENT_COLOR_NAME = AccentColor;
				CODE_SIGN_STYLE = Automatic;
				CURRENT_PROJECT_VERSION = 1;
				DEVELOPMENT_ASSET_PATHS = "\"SimpleGlobe/Preview Content\"";
				DEVELOPMENT_TEAM = "";
				ENABLE_PREVIEWS = YES;
				GENERATE_INFOPLIST_FILE = YES;
				INFOPLIST_FILE = "$(TARGET_NAME)/Info.plist";
				LD_RUNPATH_SEARCH_PATHS = (
					"$(inherited)",
					"@executable_path/Frameworks",
				);
				MARKETING_VERSION = 1.0;
				PRODUCT_BUNDLE_IDENTIFIER = edu.monash.globe.SimpleGlobe;
				PRODUCT_NAME = "$(TARGET_NAME)";
				SUPPORTED_PLATFORMS = "xros xrsimulator";
				SWIFT_EMIT_LOC_STRINGS = YES;
				SWIFT_VERSION = 5.0;
				TARGETED_DEVICE_FAMILY = "1,2,7";
				XROS_DEPLOYMENT_TARGET = 2.2;
			};
			name = Release;
		};
/* End XCBuildConfiguration section */

/* Begin XCConfigurationList section */
		7DD56E4C2C6CC830009AE72C /* Build configuration list for PBXProject "SimpleGlobe" */ = {
			isa = XCConfigurationList;
			buildConfigurations = (
				7DD56E642C6CC831009AE72C /* Debug */,
				7DD56E652C6CC831009AE72C /* Release */,
			);
			defaultConfigurationIsVisible = 0;
			defaultConfigurationName = Release;
		};
		7DD56E662C6CC831009AE72C /* Build configuration list for PBXNativeTarget "SimpleGlobe" */ = {
			isa = XCConfigurationList;
			buildConfigurations = (
				7DD56E672C6CC831009AE72C /* Debug */,
				7DD56E682C6CC831009AE72C /* Release */,
			);
			defaultConfigurationIsVisible = 0;
			defaultConfigurationName = Release;
		};
/* End XCConfigurationList section */
	};
	rootObject = 7DD56E492C6CC830009AE72C /* Project object */;
}
